
Microsoft Visual Studio Solution File, Format Version 12.00
# Visual Studio Version 16
VisualStudioVersion = 16.0.29609.76
MinimumVisualStudioVersion = 10.0.40219.1
Project("{FAE04EC0-301F-11D3-BF4B-00C04F79EFBC}") = "SisEnferHos.API", "SisEnferHos.API\SisEnferHos.API.csproj", "{B0DD062D-5C77-4845-B2DD-4F54F1FCEB74}"
EndProject
Project("{2150E333-8FDC-42A3-9474-1A3956D46DE8}") = "API", "API", "{4858FC47-CF78-4C5F-A1B3-AED8BD85544B}"
EndProject
Project("{2150E333-8FDC-42A3-9474-1A3956D46DE8}") = "Domain", "Domain", "{9147C604-9704-4141-92E5-EC335CFA71E3}"
EndProject
Project("{FAE04EC0-301F-11D3-BF4B-00C04F79EFBC}") = "SisEnferHos.Domain", "SisEnferHos.Domain\SisEnferHos.Domain.csproj", "{F8CB7C0A-D2D8-4970-8C2D-20B470E358E2}"
EndProject
Project("{2150E333-8FDC-42A3-9474-1A3956D46DE8}") = "Infra", "Infra", "{57B31C33-08EA-430D-89E9-45F4333FFBD6}"
EndProject
Project("{FAE04EC0-301F-11D3-BF4B-00C04F79EFBC}") = "SisEnferHos.Infra", "SisEnferHos.Infra\SisEnferHos.Infra.csproj", "{CE9B0FF5-A521-43B4-AB61-81B2080B3C3F}"
EndProject
Global
	GlobalSection(SolutionConfigurationPlatforms) = preSolution
		Debug|Any CPU = Debug|Any CPU
		Release|Any CPU = Release|Any CPU
	EndGlobalSection
	GlobalSection(ProjectConfigurationPlatforms) = postSolution
		{B0DD062D-5C77-4845-B2DD-4F54F1FCEB74}.Debug|Any CPU.ActiveCfg = Debug|Any CPU
		{B0DD062D-5C77-4845-B2DD-4F54F1FCEB74}.Debug|Any CPU.Build.0 = Debug|Any CPU
		{B0DD062D-5C77-4845-B2DD-4F54F1FCEB74}.Release|Any CPU.ActiveCfg = Release|Any CPU
		{B0DD062D-5C77-4845-B2DD-4F54F1FCEB74}.Release|Any CPU.Build.0 = Release|Any CPU
		{F8CB7C0A-D2D8-4970-8C2D-20B470E358E2}.Debug|Any CPU.ActiveCfg = Debug|Any CPU
		{F8CB7C0A-D2D8-4970-8C2D-20B470E358E2}.Debug|Any CPU.Build.0 = Debug|Any CPU
		{F8CB7C0A-D2D8-4970-8C2D-20B470E358E2}.Release|Any CPU.ActiveCfg = Release|Any CPU
		{F8CB7C0A-D2D8-4970-8C2D-20B470E358E2}.Release|Any CPU.Build.0 = Release|Any CPU
		{CE9B0FF5-A521-43B4-AB61-81B2080B3C3F}.Debug|Any CPU.ActiveCfg = Debug|Any CPU
		{CE9B0FF5-A521-43B4-AB61-81B2080B3C3F}.Debug|Any CPU.Build.0 = Debug|Any CPU
		{CE9B0FF5-A521-43B4-AB61-81B2080B3C3F}.Release|Any CPU.ActiveCfg = Release|Any CPU
		{CE9B0FF5-A521-43B4-AB61-81B2080B3C3F}.Release|Any CPU.Build.0 = Release|Any CPU
	EndGlobalSection
	GlobalSection(SolutionProperties) = preSolution
		HideSolutionNode = FALSE
	EndGlobalSection
	GlobalSection(NestedProjects) = preSolution
		{B0DD062D-5C77-4845-B2DD-4F54F1FCEB74} = {4858FC47-CF78-4C5F-A1B3-AED8BD85544B}
		{F8CB7C0A-D2D8-4970-8C2D-20B470E358E2} = {9147C604-9704-4141-92E5-EC335CFA71E3}
		{CE9B0FF5-A521-43B4-AB61-81B2080B3C3F} = {57B31C33-08EA-430D-89E9-45F4333FFBD6}
	EndGlobalSection
	GlobalSection(ExtensibilityGlobals) = postSolution
		SolutionGuid = {6491ECED-763D-4153-A553-457DDE2B0A45}
	EndGlobalSection
EndGlobal
